// !$*UTF8*$!
{
	archiveVersion = 1;
	classes = {
	};
	objectVersion = 56;
	objects = {

/* Begin PBXBuildFile section */
		4561C3B829067688004B7764 /* Cell.swift in Sources */ = {isa = PBXBuildFile; fileRef = 4561C3B729067688004B7764 /* Cell.swift */; };
		45887E8C290540E600F82C63 /* AppDelegate.swift in Sources */ = {isa = PBXBuildFile; fileRef = 45887E8B290540E600F82C63 /* AppDelegate.swift */; };
		45887E8E290540E600F82C63 /* SceneDelegate.swift in Sources */ = {isa = PBXBuildFile; fileRef = 45887E8D290540E600F82C63 /* SceneDelegate.swift */; };
		45887E90290540E600F82C63 /* ViewController.swift in Sources */ = {isa = PBXBuildFile; fileRef = 45887E8F290540E600F82C63 /* ViewController.swift */; };
		45887E93290540E600F82C63 /* Main.storyboard in Resources */ = {isa = PBXBuildFile; fileRef = 45887E91290540E600F82C63 /* Main.storyboard */; };
		45887E95290540ED00F82C63 /* Assets.xcassets in Resources */ = {isa = PBXBuildFile; fileRef = 45887E94290540ED00F82C63 /* Assets.xcassets */; };
		45887E98290540ED00F82C63 /* LaunchScreen.storyboard in Resources */ = {isa = PBXBuildFile; fileRef = 45887E96290540ED00F82C63 /* LaunchScreen.storyboard */; };
		45887EA1290542AA00F82C63 /* Alamofire in Frameworks */ = {isa = PBXBuildFile; productRef = 45887EA0290542AA00F82C63 /* Alamofire */; };
		45887EA329054BB700F82C63 /* MovieDetail.swift in Sources */ = {isa = PBXBuildFile; fileRef = 45887EA229054BB700F82C63 /* MovieDetail.swift */; };
		45887EA729054F8300F82C63 /* SearchResult.swift in Sources */ = {isa = PBXBuildFile; fileRef = 45887EA629054F8300F82C63 /* SearchResult.swift */; };
		45887EAC290566A000F82C63 /* OmdbApi.swift in Sources */ = {isa = PBXBuildFile; fileRef = 45887EAB290566A000F82C63 /* OmdbApi.swift */; };
		45D1DBD8290580BC006D876C /* LoadingViewController.swift in Sources */ = {isa = PBXBuildFile; fileRef = 45D1DBD7290580BC006D876C /* LoadingViewController.swift */; };
/* End PBXBuildFile section */

/* Begin PBXFileReference section */
		4561C3B729067688004B7764 /* Cell.swift */ = {isa = PBXFileReference; lastKnownFileType = sourcecode.swift; path = Cell.swift; sourceTree = "<group>"; };
		45887E88290540E600F82C63 /* Invio_Movie_World.app */ = {isa = PBXFileReference; explicitFileType = wrapper.application; includeInIndex = 0; path = Invio_Movie_World.app; sourceTree = BUILT_PRODUCTS_DIR; };
		45887E8B290540E600F82C63 /* AppDelegate.swift */ = {isa = PBXFileReference; lastKnownFileType = sourcecode.swift; path = AppDelegate.swift; sourceTree = "<group>"; };
		45887E8D290540E600F82C63 /* SceneDelegate.swift */ = {isa = PBXFileReference; lastKnownFileType = sourcecode.swift; path = SceneDelegate.swift; sourceTree = "<group>"; };
		45887E8F290540E600F82C63 /* ViewController.swift */ = {isa = PBXFileReference; lastKnownFileType = sourcecode.swift; path = ViewController.swift; sourceTree = "<group>"; };
		45887E92290540E600F82C63 /* Base */ = {isa = PBXFileReference; lastKnownFileType = file.storyboard; name = Base; path = Base.lproj/Main.storyboard; sourceTree = "<group>"; };
		45887E94290540ED00F82C63 /* Assets.xcassets */ = {isa = PBXFileReference; lastKnownFileType = folder.assetcatalog; path = Assets.xcassets; sourceTree = "<group>"; };
		45887E97290540ED00F82C63 /* Base */ = {isa = PBXFileReference; lastKnownFileType = file.storyboard; name = Base; path = Base.lproj/LaunchScreen.storyboard; sourceTree = "<group>"; };
		45887E99290540ED00F82C63 /* Info.plist */ = {isa = PBXFileReference; lastKnownFileType = text.plist.xml; path = Info.plist; sourceTree = "<group>"; };
		45887EA229054BB700F82C63 /* MovieDetail.swift */ = {isa = PBXFileReference; lastKnownFileType = sourcecode.swift; path = MovieDetail.swift; sourceTree = "<group>"; };
		45887EA629054F8300F82C63 /* SearchResult.swift */ = {isa = PBXFileReference; lastKnownFileType = sourcecode.swift; path = SearchResult.swift; sourceTree = "<group>"; };
		45887EAB290566A000F82C63 /* OmdbApi.swift */ = {isa = PBXFileReference; lastKnownFileType = sourcecode.swift; path = OmdbApi.swift; sourceTree = "<group>"; };
		45D1DBD7290580BC006D876C /* LoadingViewController.swift */ = {isa = PBXFileReference; lastKnownFileType = sourcecode.swift; path = LoadingViewController.swift; sourceTree = "<group>"; };
/* End PBXFileReference section */

/* Begin PBXFrameworksBuildPhase section */
		45887E85290540E600F82C63 /* Frameworks */ = {
			isa = PBXFrameworksBuildPhase;
			buildActionMask = 2147483647;
			files = (
				45887EA1290542AA00F82C63 /* Alamofire in Frameworks */,
			);
			runOnlyForDeploymentPostprocessing = 0;
		};
/* End PBXFrameworksBuildPhase section */

/* Begin PBXGroup section */
		45887E7F290540E600F82C63 = {
			isa = PBXGroup;
			children = (
				45887E8A290540E600F82C63 /* Invio_Movie_World */,
				45887E89290540E600F82C63 /* Products */,
			);
			sourceTree = "<group>";
		};
		45887E89290540E600F82C63 /* Products */ = {
			isa = PBXGroup;
			children = (
				45887E88290540E600F82C63 /* Invio_Movie_World.app */,
			);
			name = Products;
			sourceTree = "<group>";
		};
		45887E8A290540E600F82C63 /* Invio_Movie_World */ = {
			isa = PBXGroup;
			children = (
				45887EAA2905666900F82C63 /* omdbApi */,
				45887E8B290540E600F82C63 /* AppDelegate.swift */,
				45887E8D290540E600F82C63 /* SceneDelegate.swift */,
				45887EA92905528E00F82C63 /* Views */,
				45887E8F290540E600F82C63 /* ViewController.swift */,
				4561C3B729067688004B7764 /* Cell.swift */,
				45D1DBD7290580BC006D876C /* LoadingViewController.swift */,
				45887E94290540ED00F82C63 /* Assets.xcassets */,
				45887E99290540ED00F82C63 /* Info.plist */,
			);
			path = Invio_Movie_World;
			sourceTree = "<group>";
		};
		45887EA82905526D00F82C63 /* Models */ = {
			isa = PBXGroup;
			children = (
				45887EA629054F8300F82C63 /* SearchResult.swift */,
				45887EA229054BB700F82C63 /* MovieDetail.swift */,
			);
			path = Models;
			sourceTree = "<group>";
		};
		45887EA92905528E00F82C63 /* Views */ = {
			isa = PBXGroup;
			children = (
				45887E91290540E600F82C63 /* Main.storyboard */,
				45887E96290540ED00F82C63 /* LaunchScreen.storyboard */,
			);
			path = Views;
			sourceTree = "<group>";
		};
		45887EAA2905666900F82C63 /* omdbApi */ = {
			isa = PBXGroup;
			children = (
				45887EA82905526D00F82C63 /* Models */,
				45887EAB290566A000F82C63 /* OmdbApi.swift */,
			);
			path = omdbApi;
			sourceTree = "<group>";
		};
/* End PBXGroup section */

/* Begin PBXNativeTarget section */
		45887E87290540E600F82C63 /* Invio_Movie_World */ = {
			isa = PBXNativeTarget;
			buildConfigurationList = 45887E9C290540ED00F82C63 /* Build configuration list for PBXNativeTarget "Invio_Movie_World" */;
			buildPhases = (
				45887E84290540E600F82C63 /* Sources */,
				45887E85290540E600F82C63 /* Frameworks */,
				45887E86290540E600F82C63 /* Resources */,
			);
			buildRules = (
			);
			dependencies = (
			);
			name = Invio_Movie_World;
			packageProductDependencies = (
				45887EA0290542AA00F82C63 /* Alamofire */,
			);
			productName = Invio_Movie_World;
			productReference = 45887E88290540E600F82C63 /* Invio_Movie_World.app */;
			productType = "com.apple.product-type.application";
		};
/* End PBXNativeTarget section */

/* Begin PBXProject section */
		45887E80290540E600F82C63 /* Project object */ = {
			isa = PBXProject;
			attributes = {
				BuildIndependentTargetsInParallel = 1;
				LastSwiftUpdateCheck = 1400;
				LastUpgradeCheck = 1400;
				TargetAttributes = {
					45887E87290540E600F82C63 = {
						CreatedOnToolsVersion = 14.0.1;
					};
				};
			};
			buildConfigurationList = 45887E83290540E600F82C63 /* Build configuration list for PBXProject "Invio_Movie_World" */;
			compatibilityVersion = "Xcode 14.0";
			developmentRegion = en;
			hasScannedForEncodings = 0;
			knownRegions = (
				en,
				Base,
			);
			mainGroup = 45887E7F290540E600F82C63;
			packageReferences = (
				45887E9F290542AA00F82C63 /* XCRemoteSwiftPackageReference "Alamofire" */,
			);
			productRefGroup = 45887E89290540E600F82C63 /* Products */;
			projectDirPath = "";
			projectRoot = "";
			targets = (
				45887E87290540E600F82C63 /* Invio_Movie_World */,
			);
		};
/* End PBXProject section */

/* Begin PBXResourcesBuildPhase section */
		45887E86290540E600F82C63 /* Resources */ = {
			isa = PBXResourcesBuildPhase;
			buildActionMask = 2147483647;
			files = (
				45887E98290540ED00F82C63 /* LaunchScreen.storyboard in Resources */,
				45887E95290540ED00F82C63 /* Assets.xcassets in Resources */,
				45887E93290540E600F82C63 /* Main.storyboard in Resources */,
			);
			runOnlyForDeploymentPostprocessing = 0;
		};
/* End PBXResourcesBuildPhase section */

/* Begin PBXSourcesBuildPhase section */
		45887E84290540E600F82C63 /* Sources */ = {
			isa = PBXSourcesBuildPhase;
			buildActionMask = 2147483647;
			files = (
				45D1DBD8290580BC006D876C /* LoadingViewController.swift in Sources */,
				45887E90290540E600F82C63 /* ViewController.swift in Sources */,
				45887E8C290540E600F82C63 /* AppDelegate.swift in Sources */,
				45887EA729054F8300F82C63 /* SearchResult.swift in Sources */,
				45887EAC290566A000F82C63 /* OmdbApi.swift in Sources */,
				4561C3B829067688004B7764 /* Cell.swift in Sources */,
				45887EA329054BB700F82C63 /* MovieDetail.swift in Sources */,
				45887E8E290540E600F82C63 /* SceneDelegate.swift in Sources */,
			);
			runOnlyForDeploymentPostprocessing = 0;
		};
/* End PBXSourcesBuildPhase section */

/* Begin PBXVariantGroup section */
		45887E91290540E600F82C63 /* Main.storyboard */ = {
			isa = PBXVariantGroup;
			children = (
				45887E92290540E600F82C63 /* Base */,
			);
			name = Main.storyboard;
			sourceTree = "<group>";
		};
		45887E96290540ED00F82C63 /* LaunchScreen.storyboard */ = {
			isa = PBXVariantGroup;
			children = (
				45887E97290540ED00F82C63 /* Base */,
			);
			name = LaunchScreen.storyboard;
			sourceTree = "<group>";
		};
/* End PBXVariantGroup section */

/* Begin XCBuildConfiguration section */
		45887E9A290540ED00F82C63 /* Debug */ = {
			isa = XCBuildConfiguration;
			buildSettings = {
				ALWAYS_SEARCH_USER_PATHS = NO;
				CLANG_ANALYZER_NONNULL = YES;
				CLANG_ANALYZER_NUMBER_OBJECT_CONVERSION = YES_AGGRESSIVE;
				CLANG_CXX_LANGUAGE_STANDARD = "gnu++20";
				CLANG_ENABLE_MODULES = YES;
				CLANG_ENABLE_OBJC_ARC = YES;
				CLANG_ENABLE_OBJC_WEAK = YES;
				CLANG_WARN_BLOCK_CAPTURE_AUTORELEASING = YES;
				CLANG_WARN_BOOL_CONVERSION = YES;
				CLANG_WARN_COMMA = YES;
				CLANG_WARN_CONSTANT_CONVERSION = YES;
				CLANG_WARN_DEPRECATED_OBJC_IMPLEMENTATIONS = YES;
				CLANG_WARN_DIRECT_OBJC_ISA_USAGE = YES_ERROR;
				CLANG_WARN_DOCUMENTATION_COMMENTS = YES;
				CLANG_WARN_EMPTY_BODY = YES;
				CLANG_WARN_ENUM_CONVERSION = YES;
				CLANG_WARN_INFINITE_RECURSION = YES;
				CLANG_WARN_INT_CONVERSION = YES;
				CLANG_WARN_NON_LITERAL_NULL_CONVERSION = YES;
				CLANG_WARN_OBJC_IMPLICIT_RETAIN_SELF = YES;
				CLANG_WARN_OBJC_LITERAL_CONVERSION = YES;
				CLANG_WARN_OBJC_ROOT_CLASS = YES_ERROR;
				CLANG_WARN_QUOTED_INCLUDE_IN_FRAMEWORK_HEADER = YES;
				CLANG_WARN_RANGE_LOOP_ANALYSIS = YES;
				CLANG_WARN_STRICT_PROTOTYPES = YES;
				CLANG_WARN_SUSPICIOUS_MOVE = YES;
				CLANG_WARN_UNGUARDED_AVAILABILITY = YES_AGGRESSIVE;
				CLANG_WARN_UNREACHABLE_CODE = YES;
				CLANG_WARN__DUPLICATE_METHOD_MATCH = YES;
				COPY_PHASE_STRIP = NO;
				DEBUG_INFORMATION_FORMAT = dwarf;
				ENABLE_STRICT_OBJC_MSGSEND = YES;
				ENABLE_TESTABILITY = YES;
				GCC_C_LANGUAGE_STANDARD = gnu11;
				GCC_DYNAMIC_NO_PIC = NO;
				GCC_NO_COMMON_BLOCKS = YES;
				GCC_OPTIMIZATION_LEVEL = 0;
				GCC_PREPROCESSOR_DEFINITIONS = (
					"DEBUG=1",
					"$(inherited)",
				);
				GCC_WARN_64_TO_32_BIT_CONVERSION = YES;
				GCC_WARN_ABOUT_RETURN_TYPE = YES_ERROR;
				GCC_WARN_UNDECLARED_SELECTOR = YES;
				GCC_WARN_UNINITIALIZED_AUTOS = YES_AGGRESSIVE;
				GCC_WARN_UNUSED_FUNCTION = YES;
				GCC_WARN_UNUSED_VARIABLE = YES;
				IPHONEOS_DEPLOYMENT_TARGET = 16.0;
				MTL_ENABLE_DEBUG_INFO = INCLUDE_SOURCE;
				MTL_FAST_MATH = YES;
				ONLY_ACTIVE_ARCH = YES;
				SDKROOT = iphoneos;
				SWIFT_ACTIVE_COMPILATION_CONDITIONS = DEBUG;
				SWIFT_OPTIMIZATION_LEVEL = "-Onone";
			};
			name = Debug;
		};
		45887E9B290540ED00F82C63 /* Release */ = {
			isa = XCBuildConfiguration;
			buildSettings = {
				ALWAYS_SEARCH_USER_PATHS = NO;
				CLANG_ANALYZER_NONNULL = YES;
				CLANG_ANALYZER_NUMBER_OBJECT_CONVERSION = YES_AGGRESSIVE;
				CLANG_CXX_LANGUAGE_STANDARD = "gnu++20";
				CLANG_ENABLE_MODULES = YES;
				CLANG_ENABLE_OBJC_ARC = YES;
				CLANG_ENABLE_OBJC_WEAK = YES;
				CLANG_WARN_BLOCK_CAPTURE_AUTORELEASING = YES;
				CLANG_WARN_BOOL_CONVERSION = YES;
				CLANG_WARN_COMMA = YES;
				CLANG_WARN_CONSTANT_CONVERSION = YES;
				CLANG_WARN_DEPRECATED_OBJC_IMPLEMENTATIONS = YES;
				CLANG_WARN_DIRECT_OBJC_ISA_USAGE = YES_ERROR;
				CLANG_WARN_DOCUMENTATION_COMMENTS = YES;
				CLANG_WARN_EMPTY_BODY = YES;
				CLANG_WARN_ENUM_CONVERSION = YES;
				CLANG_WARN_INFINITE_RECURSION = YES;
				CLANG_WARN_INT_CONVERSION = YES;
				CLANG_WARN_NON_LITERAL_NULL_CONVERSION = YES;
				CLANG_WARN_OBJC_IMPLICIT_RETAIN_SELF = YES;
				CLANG_WARN_OBJC_LITERAL_CONVERSION = YES;
				CLANG_WARN_OBJC_ROOT_CLASS = YES_ERROR;
				CLANG_WARN_QUOTED_INCLUDE_IN_FRAMEWORK_HEADER = YES;
				CLANG_WARN_RANGE_LOOP_ANALYSIS = YES;
				CLANG_WARN_STRICT_PROTOTYPES = YES;
				CLANG_WARN_SUSPICIOUS_MOVE = YES;
				CLANG_WARN_UNGUARDED_AVAILABILITY = YES_AGGRESSIVE;
				CLANG_WARN_UNREACHABLE_CODE = YES;
				CLANG_WARN__DUPLICATE_METHOD_MATCH = YES;
				COPY_PHASE_STRIP = NO;
				DEBUG_INFORMATION_FORMAT = "dwarf-with-dsym";
				ENABLE_NS_ASSERTIONS = NO;
				ENABLE_STRICT_OBJC_MSGSEND = YES;
				GCC_C_LANGUAGE_STANDARD = gnu11;
				GCC_NO_COMMON_BLOCKS = YES;
				GCC_WARN_64_TO_32_BIT_CONVERSION = YES;
				GCC_WARN_ABOUT_RETURN_TYPE = YES_ERROR;
				GCC_WARN_UNDECLARED_SELECTOR = YES;
				GCC_WARN_UNINITIALIZED_AUTOS = YES_AGGRESSIVE;
				GCC_WARN_UNUSED_FUNCTION = YES;
				GCC_WARN_UNUSED_VARIABLE = YES;
				IPHONEOS_DEPLOYMENT_TARGET = 16.0;
				MTL_ENABLE_DEBUG_INFO = NO;
				MTL_FAST_MATH = YES;
				SDKROOT = iphoneos;
				SWIFT_COMPILATION_MODE = wholemodule;
				SWIFT_OPTIMIZATION_LEVEL = "-O";
				VALIDATE_PRODUCT = YES;
			};
			name = Release;
		};
		45887E9D290540ED00F82C63 /* Debug */ = {
			isa = XCBuildConfiguration;
			buildSettings = {
				ASSETCATALOG_COMPILER_APPICON_NAME = AppIcon;
				ASSETCATALOG_COMPILER_GLOBAL_ACCENT_COLOR_NAME = AccentColor;
				CODE_SIGN_STYLE = Automatic;
				CURRENT_PROJECT_VERSION = 1;
				GENERATE_INFOPLIST_FILE = YES;
				INFOPLIST_FILE = Invio_Movie_World/Info.plist;
				INFOPLIST_KEY_UIApplicationSupportsIndirectInputEvents = YES;
				INFOPLIST_KEY_UILaunchStoryboardName = LaunchScreen;
				INFOPLIST_KEY_UIMainStoryboardFile = Main;
				INFOPLIST_KEY_UISupportedInterfaceOrientations_iPad = "UIInterfaceOrientationPortrait UIInterfaceOrientationPortraitUpsideDown UIInterfaceOrientationLandscapeLeft UIInterfaceOrientationLandscapeRight";
				INFOPLIST_KEY_UISupportedInterfaceOrientations_iPhone = "UIInterfaceOrientationPortrait UIInterfaceOrientationLandscapeLeft UIInterfaceOrientationLandscapeRight";
				LD_RUNPATH_SEARCH_PATHS = (
					"$(inherited)",
					"@executable_path/Frameworks",
				);
				MARKETING_VERSION = 1.0;
				PRODUCT_BUNDLE_IDENTIFIER = "muammerAkca10.Invio-Movie-World";
				PRODUCT_NAME = "$(TARGET_NAME)";
				SWIFT_EMIT_LOC_STRINGS = YES;
				SWIFT_VERSION = 5.0;
				TARGETED_DEVICE_FAMILY = "1,2";
			};
			name = Debug;
		};
		45887E9E290540ED00F82C63 /* Release */ = {
			isa = XCBuildConfiguration;
			buildSettings = {
				ASSETCATALOG_COMPILER_APPICON_NAME = AppIcon;
				ASSETCATALOG_COMPILER_GLOBAL_ACCENT_COLOR_NAME = AccentColor;
				CODE_SIGN_STYLE = Automatic;
				CURRENT_PROJECT_VERSION = 1;
				GENERATE_INFOPLIST_FILE = YES;
				INFOPLIST_FILE = Invio_Movie_World/Info.plist;
				INFOPLIST_KEY_UIApplicationSupportsIndirectInputEvents = YES;
				INFOPLIST_KEY_UILaunchStoryboardName = LaunchScreen;
				INFOPLIST_KEY_UIMainStoryboardFile = Main;
				INFOPLIST_KEY_UISupportedInterfaceOrientations_iPad = "UIInterfaceOrientationPortrait UIInterfaceOrientationPortraitUpsideDown UIInterfaceOrientationLandscapeLeft UIInterfaceOrientationLandscapeRight";
				INFOPLIST_KEY_UISupportedInterfaceOrientations_iPhone = "UIInterfaceOrientationPortrait UIInterfaceOrientationLandscapeLeft UIInterfaceOrientationLandscapeRight";
				LD_RUNPATH_SEARCH_PATHS = (
					"$(inherited)",
					"@executable_path/Frameworks",
				);
				MARKETING_VERSION = 1.0;
				PRODUCT_BUNDLE_IDENTIFIER = "muammerAkca10.Invio-Movie-World";
				PRODUCT_NAME = "$(TARGET_NAME)";
				SWIFT_EMIT_LOC_STRINGS = YES;
				SWIFT_VERSION = 5.0;
				TARGETED_DEVICE_FAMILY = "1,2";
			};
			name = Release;
		};
/* End XCBuildConfiguration section */

/* Begin XCConfigurationList section */
		45887E83290540E600F82C63 /* Build configuration list for PBXProject "Invio_Movie_World" */ = {
			isa = XCConfigurationList;
			buildConfigurations = (
				45887E9A290540ED00F82C63 /* Debug */,
				45887E9B290540ED00F82C63 /* Release */,
			);
			defaultConfigurationIsVisible = 0;
			defaultConfigurationName = Release;
		};
		45887E9C290540ED00F82C63 /* Build configuration list for PBXNativeTarget "Invio_Movie_World" */ = {
			isa = XCConfigurationList;
			buildConfigurations = (
				45887E9D290540ED00F82C63 /* Debug */,
				45887E9E290540ED00F82C63 /* Release */,
			);
			defaultConfigurationIsVisible = 0;
			defaultConfigurationName = Release;
		};
/* End XCConfigurationList section */

/* Begin XCRemoteSwiftPackageReference section */
		45887E9F290542AA00F82C63 /* XCRemoteSwiftPackageReference "Alamofire" */ = {
			isa = XCRemoteSwiftPackageReference;
			repositoryURL = "https://github.com/Alamofire/Alamofire.git";
			requirement = {
				kind = upToNextMajorVersion;
				minimumVersion = 5.0.0;
			};
		};
/* End XCRemoteSwiftPackageReference section */

/* Begin XCSwiftPackageProductDependency section */
		45887EA0290542AA00F82C63 /* Alamofire */ = {
			isa = XCSwiftPackageProductDependency;
			package = 45887E9F290542AA00F82C63 /* XCRemoteSwiftPackageReference "Alamofire" */;
			productName = Alamofire;
		};
/* End XCSwiftPackageProductDependency section */
	};
	rootObject = 45887E80290540E600F82C63 /* Project object */;
}
